
Microsoft Visual Studio Solution File, Format Version 12.00
# Visual Studio 15
Project("{FAE04EC0-301F-11D3-BF4B-00C04F79EFBC}") = "Assembly-CSharp", "Assembly-CSharp.csproj", "{F30EAE14-6CC4-6351-1743-1CACD3D8F8D1}"
EndProject
Project("{FAE04EC0-301F-11D3-BF4B-00C04F79EFBC}") = "Assembly-CSharp-Editor", "Assembly-CSharp-Editor.csproj", "{3967A7D7-1E15-D914-D7D4-4EA1D612A702}"
EndProject
Global
	GlobalSection(SolutionConfigurationPlatforms) = preSolution
		Debug|Any CPU = Debug|Any CPU
		Release|Any CPU = Release|Any CPU
	EndGlobalSection
	GlobalSection(ProjectConfigurationPlatforms) = postSolution
		{F30EAE14-6CC4-6351-1743-1CACD3D8F8D1}.Debug|Any CPU.ActiveCfg = Debug|Any CPU
		{F30EAE14-6CC4-6351-1743-1CACD3D8F8D1}.Debug|Any CPU.Build.0 = Debug|Any CPU
		{F30EAE14-6CC4-6351-1743-1CACD3D8F8D1}.Release|Any CPU.ActiveCfg = Release|Any CPU
		{F30EAE14-6CC4-6351-1743-1CACD3D8F8D1}.Release|Any CPU.Build.0 = Release|Any CPU
		{3967A7D7-1E15-D914-D7D4-4EA1D612A702}.Debug|Any CPU.ActiveCfg = Debug|Any CPU
		{3967A7D7-1E15-D914-D7D4-4EA1D612A702}.Debug|Any CPU.Build.0 = Debug|Any CPU
		{3967A7D7-1E15-D914-D7D4-4EA1D612A702}.Release|Any CPU.ActiveCfg = Release|Any CPU
		{3967A7D7-1E15-D914-D7D4-4EA1D612A702}.Release|Any CPU.Build.0 = Release|Any CPU
	EndGlobalSection
	GlobalSection(SolutionProperties) = preSolution
		HideSolutionNode = FALSE
	EndGlobalSection
EndGlobal
